
Microsoft Visual Studio Solution File, Format Version 12.00
# Visual Studio 15
VisualStudioVersion = 15.0.26124.0
MinimumVisualStudioVersion = 15.0.26124.0
Project("{FAE04EC0-301F-11D3-BF4B-00C04F79EFBC}") = "Passenger.Api", "Passenger.Api\Passenger.Api.csproj", "{B25B4B97-43FF-4A88-9D24-820FB0D56C5F}"
EndProject
Project("{FAE04EC0-301F-11D3-BF4B-00C04F79EFBC}") = "Passenger.Core", "Passenger.Core\Passenger.Core.csproj", "{AF6EBBF0-7043-4A68-AD8C-A5498E6DC018}"
EndProject
Project("{FAE04EC0-301F-11D3-BF4B-00C04F79EFBC}") = "Passenger.Infrastructure", "Passenger.Infrastructure\Passenger.Infrastructure.csproj", "{49C20AFB-69C0-4B52-9B08-6970EA20EDC7}"
EndProject
Project("{FAE04EC0-301F-11D3-BF4B-00C04F79EFBC}") = "Passenger.Tests", "Passenger.Tests\Passenger.Tests.csproj", "{6AC5198B-DFA6-4618-B1C7-1F9B4846F700}"
EndProject
Project("{FAE04EC0-301F-11D3-BF4B-00C04F79EFBC}") = "Passenger.Tests.EndToEnd", "Passenger.Tests.EndToEnd\Passenger.Tests.EndToEnd.csproj", "{0E053D08-5913-4A46-B76E-A766DA139F03}"
EndProject
Global
	GlobalSection(SolutionConfigurationPlatforms) = preSolution
		Debug|Any CPU = Debug|Any CPU
		Debug|x64 = Debug|x64
		Debug|x86 = Debug|x86
		Release|Any CPU = Release|Any CPU
		Release|x64 = Release|x64
		Release|x86 = Release|x86
	EndGlobalSection
	GlobalSection(SolutionProperties) = preSolution
		HideSolutionNode = FALSE
	EndGlobalSection
	GlobalSection(ProjectConfigurationPlatforms) = postSolution
		{B25B4B97-43FF-4A88-9D24-820FB0D56C5F}.Debug|Any CPU.ActiveCfg = Debug|Any CPU
		{B25B4B97-43FF-4A88-9D24-820FB0D56C5F}.Debug|Any CPU.Build.0 = Debug|Any CPU
		{B25B4B97-43FF-4A88-9D24-820FB0D56C5F}.Debug|x64.ActiveCfg = Debug|Any CPU
		{B25B4B97-43FF-4A88-9D24-820FB0D56C5F}.Debug|x64.Build.0 = Debug|Any CPU
		{B25B4B97-43FF-4A88-9D24-820FB0D56C5F}.Debug|x86.ActiveCfg = Debug|Any CPU
		{B25B4B97-43FF-4A88-9D24-820FB0D56C5F}.Debug|x86.Build.0 = Debug|Any CPU
		{B25B4B97-43FF-4A88-9D24-820FB0D56C5F}.Release|Any CPU.ActiveCfg = Release|Any CPU
		{B25B4B97-43FF-4A88-9D24-820FB0D56C5F}.Release|Any CPU.Build.0 = Release|Any CPU
		{B25B4B97-43FF-4A88-9D24-820FB0D56C5F}.Release|x64.ActiveCfg = Release|Any CPU
		{B25B4B97-43FF-4A88-9D24-820FB0D56C5F}.Release|x64.Build.0 = Release|Any CPU
		{B25B4B97-43FF-4A88-9D24-820FB0D56C5F}.Release|x86.ActiveCfg = Release|Any CPU
		{B25B4B97-43FF-4A88-9D24-820FB0D56C5F}.Release|x86.Build.0 = Release|Any CPU
		{AF6EBBF0-7043-4A68-AD8C-A5498E6DC018}.Debug|Any CPU.ActiveCfg = Debug|Any CPU
		{AF6EBBF0-7043-4A68-AD8C-A5498E6DC018}.Debug|Any CPU.Build.0 = Debug|Any CPU
		{AF6EBBF0-7043-4A68-AD8C-A5498E6DC018}.Debug|x64.ActiveCfg = Debug|Any CPU
		{AF6EBBF0-7043-4A68-AD8C-A5498E6DC018}.Debug|x64.Build.0 = Debug|Any CPU
		{AF6EBBF0-7043-4A68-AD8C-A5498E6DC018}.Debug|x86.ActiveCfg = Debug|Any CPU
		{AF6EBBF0-7043-4A68-AD8C-A5498E6DC018}.Debug|x86.Build.0 = Debug|Any CPU
		{AF6EBBF0-7043-4A68-AD8C-A5498E6DC018}.Release|Any CPU.ActiveCfg = Release|Any CPU
		{AF6EBBF0-7043-4A68-AD8C-A5498E6DC018}.Release|Any CPU.Build.0 = Release|Any CPU
		{AF6EBBF0-7043-4A68-AD8C-A5498E6DC018}.Release|x64.ActiveCfg = Release|Any CPU
		{AF6EBBF0-7043-4A68-AD8C-A5498E6DC018}.Release|x64.Build.0 = Release|Any CPU
		{AF6EBBF0-7043-4A68-AD8C-A5498E6DC018}.Release|x86.ActiveCfg = Release|Any CPU
		{AF6EBBF0-7043-4A68-AD8C-A5498E6DC018}.Release|x86.Build.0 = Release|Any CPU
		{49C20AFB-69C0-4B52-9B08-6970EA20EDC7}.Debug|Any CPU.ActiveCfg = Debug|Any CPU
		{49C20AFB-69C0-4B52-9B08-6970EA20EDC7}.Debug|Any CPU.Build.0 = Debug|Any CPU
		{49C20AFB-69C0-4B52-9B08-6970EA20EDC7}.Debug|x64.ActiveCfg = Debug|Any CPU
		{49C20AFB-69C0-4B52-9B08-6970EA20EDC7}.Debug|x64.Build.0 = Debug|Any CPU
		{49C20AFB-69C0-4B52-9B08-6970EA20EDC7}.Debug|x86.ActiveCfg = Debug|Any CPU
		{49C20AFB-69C0-4B52-9B08-6970EA20EDC7}.Debug|x86.Build.0 = Debug|Any CPU
		{49C20AFB-69C0-4B52-9B08-6970EA20EDC7}.Release|Any CPU.ActiveCfg = Release|Any CPU
		{49C20AFB-69C0-4B52-9B08-6970EA20EDC7}.Release|Any CPU.Build.0 = Release|Any CPU
		{49C20AFB-69C0-4B52-9B08-6970EA20EDC7}.Release|x64.ActiveCfg = Release|Any CPU
		{49C20AFB-69C0-4B52-9B08-6970EA20EDC7}.Release|x64.Build.0 = Release|Any CPU
		{49C20AFB-69C0-4B52-9B08-6970EA20EDC7}.Release|x86.ActiveCfg = Release|Any CPU
		{49C20AFB-69C0-4B52-9B08-6970EA20EDC7}.Release|x86.Build.0 = Release|Any CPU
		{6AC5198B-DFA6-4618-B1C7-1F9B4846F700}.Debug|Any CPU.ActiveCfg = Debug|Any CPU
		{6AC5198B-DFA6-4618-B1C7-1F9B4846F700}.Debug|Any CPU.Build.0 = Debug|Any CPU
		{6AC5198B-DFA6-4618-B1C7-1F9B4846F700}.Debug|x64.ActiveCfg = Debug|Any CPU
		{6AC5198B-DFA6-4618-B1C7-1F9B4846F700}.Debug|x64.Build.0 = Debug|Any CPU
		{6AC5198B-DFA6-4618-B1C7-1F9B4846F700}.Debug|x86.ActiveCfg = Debug|Any CPU
		{6AC5198B-DFA6-4618-B1C7-1F9B4846F700}.Debug|x86.Build.0 = Debug|Any CPU
		{6AC5198B-DFA6-4618-B1C7-1F9B4846F700}.Release|Any CPU.ActiveCfg = Release|Any CPU
		{6AC5198B-DFA6-4618-B1C7-1F9B4846F700}.Release|Any CPU.Build.0 = Release|Any CPU
		{6AC5198B-DFA6-4618-B1C7-1F9B4846F700}.Release|x64.ActiveCfg = Release|Any CPU
		{6AC5198B-DFA6-4618-B1C7-1F9B4846F700}.Release|x64.Build.0 = Release|Any CPU
		{6AC5198B-DFA6-4618-B1C7-1F9B4846F700}.Release|x86.ActiveCfg = Release|Any CPU
		{6AC5198B-DFA6-4618-B1C7-1F9B4846F700}.Release|x86.Build.0 = Release|Any CPU
		{0E053D08-5913-4A46-B76E-A766DA139F03}.Debug|Any CPU.ActiveCfg = Debug|Any CPU
		{0E053D08-5913-4A46-B76E-A766DA139F03}.Debug|Any CPU.Build.0 = Debug|Any CPU
		{0E053D08-5913-4A46-B76E-A766DA139F03}.Debug|x64.ActiveCfg = Debug|Any CPU
		{0E053D08-5913-4A46-B76E-A766DA139F03}.Debug|x64.Build.0 = Debug|Any CPU
		{0E053D08-5913-4A46-B76E-A766DA139F03}.Debug|x86.ActiveCfg = Debug|Any CPU
		{0E053D08-5913-4A46-B76E-A766DA139F03}.Debug|x86.Build.0 = Debug|Any CPU
		{0E053D08-5913-4A46-B76E-A766DA139F03}.Release|Any CPU.ActiveCfg = Release|Any CPU
		{0E053D08-5913-4A46-B76E-A766DA139F03}.Release|Any CPU.Build.0 = Release|Any CPU
		{0E053D08-5913-4A46-B76E-A766DA139F03}.Release|x64.ActiveCfg = Release|Any CPU
		{0E053D08-5913-4A46-B76E-A766DA139F03}.Release|x64.Build.0 = Release|Any CPU
		{0E053D08-5913-4A46-B76E-A766DA139F03}.Release|x86.ActiveCfg = Release|Any CPU
		{0E053D08-5913-4A46-B76E-A766DA139F03}.Release|x86.Build.0 = Release|Any CPU
	EndGlobalSection
EndGlobal
